
Microsoft Visual Studio Solution File, Format Version 12.00
# Visual Studio Version 17
VisualStudioVersion = 17.11.35312.102
MinimumVisualStudioVersion = 10.0.40219.1
Project("{2150E333-8FDC-42A3-9474-1A3956D46DE8}") = "Services", "Services", "{6D8428F7-9B3F-4DC6-B042-DAE59857AD86}"
EndProject
Project("{2150E333-8FDC-42A3-9474-1A3956D46DE8}") = "Catalog", "Catalog", "{7682BB80-D583-4722-A13C-BC540D02A52E}"
EndProject
Project("{9A19103F-16F7-4668-BE54-9A1E7A4F7556}") = "Catalog.API", "Services\Catalog\Catalog.API\Catalog.API.csproj", "{7C2A4C85-1AEE-48F1-B313-59B923FD29C5}"
EndProject
Project("{2150E333-8FDC-42A3-9474-1A3956D46DE8}") = "BuildingBlocks", "BuildingBlocks", "{138D433D-3F08-411E-8E9B-81FBE275AA04}"
EndProject
Project("{9A19103F-16F7-4668-BE54-9A1E7A4F7556}") = "BuildingBlocks", "BuildingBlocks\BuildingBlocks\BuildingBlocks.csproj", "{20C0A55E-5EC9-49E1-A079-6A6B7CB1815B}"
EndProject
Project("{E53339B2-1760-4266-BCC7-CA923CBCF16C}") = "docker-compose", "docker-compose.dcproj", "{0E19EFC1-7C41-41EE-816D-DCC58FF333A3}"
EndProject
Project("{2150E333-8FDC-42A3-9474-1A3956D46DE8}") = "Basket", "Basket", "{AC89874B-D707-4A93-A4BB-8F37BD338CAB}"
EndProject
Project("{FAE04EC0-301F-11D3-BF4B-00C04F79EFBC}") = "Basket.API", "Services\Basket\Basket.API\Basket.API.csproj", "{61ADDE5C-1E62-4C18-A711-210C11564D8D}"
EndProject
Global
	GlobalSection(SolutionConfigurationPlatforms) = preSolution
		Debug|Any CPU = Debug|Any CPU
		Release|Any CPU = Release|Any CPU
	EndGlobalSection
	GlobalSection(ProjectConfigurationPlatforms) = postSolution
		{7C2A4C85-1AEE-48F1-B313-59B923FD29C5}.Debug|Any CPU.ActiveCfg = Debug|Any CPU
		{7C2A4C85-1AEE-48F1-B313-59B923FD29C5}.Debug|Any CPU.Build.0 = Debug|Any CPU
		{7C2A4C85-1AEE-48F1-B313-59B923FD29C5}.Release|Any CPU.ActiveCfg = Release|Any CPU
		{7C2A4C85-1AEE-48F1-B313-59B923FD29C5}.Release|Any CPU.Build.0 = Release|Any CPU
		{20C0A55E-5EC9-49E1-A079-6A6B7CB1815B}.Debug|Any CPU.ActiveCfg = Debug|Any CPU
		{20C0A55E-5EC9-49E1-A079-6A6B7CB1815B}.Debug|Any CPU.Build.0 = Debug|Any CPU
		{20C0A55E-5EC9-49E1-A079-6A6B7CB1815B}.Release|Any CPU.ActiveCfg = Release|Any CPU
		{20C0A55E-5EC9-49E1-A079-6A6B7CB1815B}.Release|Any CPU.Build.0 = Release|Any CPU
		{0E19EFC1-7C41-41EE-816D-DCC58FF333A3}.Debug|Any CPU.ActiveCfg = Debug|Any CPU
		{0E19EFC1-7C41-41EE-816D-DCC58FF333A3}.Debug|Any CPU.Build.0 = Debug|Any CPU
		{0E19EFC1-7C41-41EE-816D-DCC58FF333A3}.Release|Any CPU.ActiveCfg = Release|Any CPU
		{0E19EFC1-7C41-41EE-816D-DCC58FF333A3}.Release|Any CPU.Build.0 = Release|Any CPU
		{61ADDE5C-1E62-4C18-A711-210C11564D8D}.Debug|Any CPU.ActiveCfg = Debug|Any CPU
		{61ADDE5C-1E62-4C18-A711-210C11564D8D}.Debug|Any CPU.Build.0 = Debug|Any CPU
		{61ADDE5C-1E62-4C18-A711-210C11564D8D}.Release|Any CPU.ActiveCfg = Release|Any CPU
		{61ADDE5C-1E62-4C18-A711-210C11564D8D}.Release|Any CPU.Build.0 = Release|Any CPU
	EndGlobalSection
	GlobalSection(SolutionProperties) = preSolution
		HideSolutionNode = FALSE
	EndGlobalSection
	GlobalSection(NestedProjects) = preSolution
		{7682BB80-D583-4722-A13C-BC540D02A52E} = {6D8428F7-9B3F-4DC6-B042-DAE59857AD86}
		{7C2A4C85-1AEE-48F1-B313-59B923FD29C5} = {7682BB80-D583-4722-A13C-BC540D02A52E}
		{20C0A55E-5EC9-49E1-A079-6A6B7CB1815B} = {138D433D-3F08-411E-8E9B-81FBE275AA04}
		{AC89874B-D707-4A93-A4BB-8F37BD338CAB} = {6D8428F7-9B3F-4DC6-B042-DAE59857AD86}
		{61ADDE5C-1E62-4C18-A711-210C11564D8D} = {AC89874B-D707-4A93-A4BB-8F37BD338CAB}
	EndGlobalSection
	GlobalSection(ExtensibilityGlobals) = postSolution
		SolutionGuid = {059A6A6C-8CD7-4521-B817-6338984AE876}
	EndGlobalSection
EndGlobal
